// !$*UTF8*$!
{
	archiveVersion = 1;
	classes = {
	};
	objectVersion = 50;
	objects = {

/* Begin PBXBuildFile section */
		BD4133922217FD9500DBA704 /* AppDelegate.swift in Sources */ = {isa = PBXBuildFile; fileRef = BD4133912217FD9500DBA704 /* AppDelegate.swift */; };
		BD4133942217FD9500DBA704 /* ViewController.swift in Sources */ = {isa = PBXBuildFile; fileRef = BD4133932217FD9500DBA704 /* ViewController.swift */; };
		BD4133972217FD9500DBA704 /* Main.storyboard in Resources */ = {isa = PBXBuildFile; fileRef = BD4133952217FD9500DBA704 /* Main.storyboard */; };
		BD41339A2217FD9500DBA704 /* TrCalculator.xcdatamodeld in Sources */ = {isa = PBXBuildFile; fileRef = BD4133982217FD9500DBA704 /* TrCalculator.xcdatamodeld */; };
		BD41339C2217FD9700DBA704 /* Assets.xcassets in Resources */ = {isa = PBXBuildFile; fileRef = BD41339B2217FD9700DBA704 /* Assets.xcassets */; };
		BD41339F2217FD9700DBA704 /* LaunchScreen.storyboard in Resources */ = {isa = PBXBuildFile; fileRef = BD41339D2217FD9700DBA704 /* LaunchScreen.storyboard */; };
/* End PBXBuildFile section */

/* Begin PBXFileReference section */
		BD41338E2217FD9500DBA704 /* TrCalculator.app */ = {isa = PBXFileReference; explicitFileType = wrapper.application; includeInIndex = 0; path = TrCalculator.app; sourceTree = BUILT_PRODUCTS_DIR; };
		BD4133912217FD9500DBA704 /* AppDelegate.swift */ = {isa = PBXFileReference; lastKnownFileType = sourcecode.swift; path = AppDelegate.swift; sourceTree = "<group>"; };
		BD4133932217FD9500DBA704 /* ViewController.swift */ = {isa = PBXFileReference; lastKnownFileType = sourcecode.swift; path = ViewController.swift; sourceTree = "<group>"; };
		BD4133962217FD9500DBA704 /* Base */ = {isa = PBXFileReference; lastKnownFileType = file.storyboard; name = Base; path = Base.lproj/Main.storyboard; sourceTree = "<group>"; };
		BD4133992217FD9500DBA704 /* TrCalculator.xcdatamodel */ = {isa = PBXFileReference; lastKnownFileType = wrapper.xcdatamodel; path = TrCalculator.xcdatamodel; sourceTree = "<group>"; };
		BD41339B2217FD9700DBA704 /* Assets.xcassets */ = {isa = PBXFileReference; lastKnownFileType = folder.assetcatalog; path = Assets.xcassets; sourceTree = "<group>"; };
		BD41339E2217FD9700DBA704 /* Base */ = {isa = PBXFileReference; lastKnownFileType = file.storyboard; name = Base; path = Base.lproj/LaunchScreen.storyboard; sourceTree = "<group>"; };
		BD4133A02217FD9700DBA704 /* Info.plist */ = {isa = PBXFileReference; lastKnownFileType = text.plist.xml; path = Info.plist; sourceTree = "<group>"; };
/* End PBXFileReference section */

/* Begin PBXFrameworksBuildPhase section */
		BD41338B2217FD9500DBA704 /* Frameworks */ = {
			isa = PBXFrameworksBuildPhase;
			buildActionMask = 2147483647;
			files = (
			);
			runOnlyForDeploymentPostprocessing = 0;
		};
/* End PBXFrameworksBuildPhase section */

/* Begin PBXGroup section */
		BD4133852217FD9500DBA704 = {
			isa = PBXGroup;
			children = (
				BD4133902217FD9500DBA704 /* TrCalculator */,
				BD41338F2217FD9500DBA704 /* Products */,
			);
			sourceTree = "<group>";
		};
		BD41338F2217FD9500DBA704 /* Products */ = {
			isa = PBXGroup;
			children = (
				BD41338E2217FD9500DBA704 /* TrCalculator.app */,
			);
			name = Products;
			sourceTree = "<group>";
		};
		BD4133902217FD9500DBA704 /* TrCalculator */ = {
			isa = PBXGroup;
			children = (
				BD4133912217FD9500DBA704 /* AppDelegate.swift */,
				BD4133932217FD9500DBA704 /* ViewController.swift */,
				BD4133952217FD9500DBA704 /* Main.storyboard */,
				BD41339B2217FD9700DBA704 /* Assets.xcassets */,
				BD41339D2217FD9700DBA704 /* LaunchScreen.storyboard */,
				BD4133A02217FD9700DBA704 /* Info.plist */,
				BD4133982217FD9500DBA704 /* TrCalculator.xcdatamodeld */,
			);
			path = TrCalculator;
			sourceTree = "<group>";
		};
/* End PBXGroup section */

/* Begin PBXNativeTarget section */
		BD41338D2217FD9500DBA704 /* TrCalculator */ = {
			isa = PBXNativeTarget;
			buildConfigurationList = BD4133A32217FD9700DBA704 /* Build configuration list for PBXNativeTarget "TrCalculator" */;
			buildPhases = (
				BD41338A2217FD9500DBA704 /* Sources */,
				BD41338B2217FD9500DBA704 /* Frameworks */,
				BD41338C2217FD9500DBA704 /* Resources */,
			);
			buildRules = (
			);
			dependencies = (
			);
			name = TrCalculator;
			productName = TrCalculator;
			productReference = BD41338E2217FD9500DBA704 /* TrCalculator.app */;
			productType = "com.apple.product-type.application";
		};
/* End PBXNativeTarget section */

/* Begin PBXProject section */
		BD4133862217FD9500DBA704 /* Project object */ = {
			isa = PBXProject;
			attributes = {
				LastSwiftUpdateCheck = 1010;
				LastUpgradeCheck = 1010;
				ORGANIZATIONNAME = "Systemy mobilne";
				TargetAttributes = {
					BD41338D2217FD9500DBA704 = {
						CreatedOnToolsVersion = 10.1;
					};
				};
			};
			buildConfigurationList = BD4133892217FD9500DBA704 /* Build configuration list for PBXProject "TrCalculator" */;
			compatibilityVersion = "Xcode 9.3";
			developmentRegion = en;
			hasScannedForEncodings = 0;
			knownRegions = (
				en,
				Base,
			);
			mainGroup = BD4133852217FD9500DBA704;
			productRefGroup = BD41338F2217FD9500DBA704 /* Products */;
			projectDirPath = "";
			projectRoot = "";
			targets = (
				BD41338D2217FD9500DBA704 /* TrCalculator */,
			);
		};
/* End PBXProject section */

/* Begin PBXResourcesBuildPhase section */
		BD41338C2217FD9500DBA704 /* Resources */ = {
			isa = PBXResourcesBuildPhase;
			buildActionMask = 2147483647;
			files = (
				BD41339F2217FD9700DBA704 /* LaunchScreen.storyboard in Resources */,
				BD41339C2217FD9700DBA704 /* Assets.xcassets in Resources */,
				BD4133972217FD9500DBA704 /* Main.storyboard in Resources */,
			);
			runOnlyForDeploymentPostprocessing = 0;
		};
/* End PBXResourcesBuildPhase section */

/* Begin PBXSourcesBuildPhase section */
		BD41338A2217FD9500DBA704 /* Sources */ = {
			isa = PBXSourcesBuildPhase;
			buildActionMask = 2147483647;
			files = (
				BD41339A2217FD9500DBA704 /* TrCalculator.xcdatamodeld in Sources */,
				BD4133942217FD9500DBA704 /* ViewController.swift in Sources */,
				BD4133922217FD9500DBA704 /* AppDelegate.swift in Sources */,
			);
			runOnlyForDeploymentPostprocessing = 0;
		};
/* End PBXSourcesBuildPhase section */

/* Begin PBXVariantGroup section */
		BD4133952217FD9500DBA704 /* Main.storyboard */ = {
			isa = PBXVariantGroup;
			children = (
				BD4133962217FD9500DBA704 /* Base */,
			);
			name = Main.storyboard;
			sourceTree = "<group>";
		};
		BD41339D2217FD9700DBA704 /* LaunchScreen.storyboard */ = {
			isa = PBXVariantGroup;
			children = (
				BD41339E2217FD9700DBA704 /* Base */,
			);
			name = LaunchScreen.storyboard;
			sourceTree = "<group>";
		};
/* End PBXVariantGroup section */

/* Begin XCBuildConfiguration section */
		BD4133A12217FD9700DBA704 /* Debug */ = {
			isa = XCBuildConfiguration;
			buildSettings = {
				ALWAYS_SEARCH_USER_PATHS = NO;
				CLANG_ANALYZER_NONNULL = YES;
				CLANG_ANALYZER_NUMBER_OBJECT_CONVERSION = YES_AGGRESSIVE;
				CLANG_CXX_LANGUAGE_STANDARD = "gnu++14";
				CLANG_CXX_LIBRARY = "libc++";
				CLANG_ENABLE_MODULES = YES;
				CLANG_ENABLE_OBJC_ARC = YES;
				CLANG_ENABLE_OBJC_WEAK = YES;
				CLANG_WARN_BLOCK_CAPTURE_AUTORELEASING = YES;
				CLANG_WARN_BOOL_CONVERSION = YES;
				CLANG_WARN_COMMA = YES;
				CLANG_WARN_CONSTANT_CONVERSION = YES;
				CLANG_WARN_DEPRECATED_OBJC_IMPLEMENTATIONS = YES;
				CLANG_WARN_DIRECT_OBJC_ISA_USAGE = YES_ERROR;
				CLANG_WARN_DOCUMENTATION_COMMENTS = YES;
				CLANG_WARN_EMPTY_BODY = YES;
				CLANG_WARN_ENUM_CONVERSION = YES;
				CLANG_WARN_INFINITE_RECURSION = YES;
				CLANG_WARN_INT_CONVERSION = YES;
				CLANG_WARN_NON_LITERAL_NULL_CONVERSION = YES;
				CLANG_WARN_OBJC_IMPLICIT_RETAIN_SELF = YES;
				CLANG_WARN_OBJC_LITERAL_CONVERSION = YES;
				CLANG_WARN_OBJC_ROOT_CLASS = YES_ERROR;
				CLANG_WARN_RANGE_LOOP_ANALYSIS = YES;
				CLANG_WARN_STRICT_PROTOTYPES = YES;
				CLANG_WARN_SUSPICIOUS_MOVE = YES;
				CLANG_WARN_UNGUARDED_AVAILABILITY = YES_AGGRESSIVE;
				CLANG_WARN_UNREACHABLE_CODE = YES;
				CLANG_WARN__DUPLICATE_METHOD_MATCH = YES;
				CODE_SIGN_IDENTITY = "iPhone Developer";
				COPY_PHASE_STRIP = NO;
				DEBUG_INFORMATION_FORMAT = dwarf;
				ENABLE_STRICT_OBJC_MSGSEND = YES;
				ENABLE_TESTABILITY = YES;
				GCC_C_LANGUAGE_STANDARD = gnu11;
				GCC_DYNAMIC_NO_PIC = NO;
				GCC_NO_COMMON_BLOCKS = YES;
				GCC_OPTIMIZATION_LEVEL = 0;
				GCC_PREPROCESSOR_DEFINITIONS = (
					"DEBUG=1",
					"$(inherited)",
				);
				GCC_WARN_64_TO_32_BIT_CONVERSION = YES;
				GCC_WARN_ABOUT_RETURN_TYPE = YES_ERROR;
				GCC_WARN_UNDECLARED_SELECTOR = YES;
				GCC_WARN_UNINITIALIZED_AUTOS = YES_AGGRESSIVE;
				GCC_WARN_UNUSED_FUNCTION = YES;
				GCC_WARN_UNUSED_VARIABLE = YES;
				IPHONEOS_DEPLOYMENT_TARGET = 12.1;
				MTL_ENABLE_DEBUG_INFO = INCLUDE_SOURCE;
				MTL_FAST_MATH = YES;
				ONLY_ACTIVE_ARCH = YES;
				SDKROOT = iphoneos;
				SWIFT_ACTIVE_COMPILATION_CONDITIONS = DEBUG;
				SWIFT_OPTIMIZATION_LEVEL = "-Onone";
			};
			name = Debug;
		};
		BD4133A22217FD9700DBA704 /* Release */ = {
			isa = XCBuildConfiguration;
			buildSettings = {
				ALWAYS_SEARCH_USER_PATHS = NO;
				CLANG_ANALYZER_NONNULL = YES;
				CLANG_ANALYZER_NUMBER_OBJECT_CONVERSION = YES_AGGRESSIVE;
				CLANG_CXX_LANGUAGE_STANDARD = "gnu++14";
				CLANG_CXX_LIBRARY = "libc++";
				CLANG_ENABLE_MODULES = YES;
				CLANG_ENABLE_OBJC_ARC = YES;
				CLANG_ENABLE_OBJC_WEAK = YES;
				CLANG_WARN_BLOCK_CAPTURE_AUTORELEASING = YES;
				CLANG_WARN_BOOL_CONVERSION = YES;
				CLANG_WARN_COMMA = YES;
				CLANG_WARN_CONSTANT_CONVERSION = YES;
				CLANG_WARN_DEPRECATED_OBJC_IMPLEMENTATIONS = YES;
				CLANG_WARN_DIRECT_OBJC_ISA_USAGE = YES_ERROR;
				CLANG_WARN_DOCUMENTATION_COMMENTS = YES;
				CLANG_WARN_EMPTY_BODY = YES;
				CLANG_WARN_ENUM_CONVERSION = YES;
				CLANG_WARN_INFINITE_RECURSION = YES;
				CLANG_WARN_INT_CONVERSION = YES;
				CLANG_WARN_NON_LITERAL_NULL_CONVERSION = YES;
				CLANG_WARN_OBJC_IMPLICIT_RETAIN_SELF = YES;
				CLANG_WARN_OBJC_LITERAL_CONVERSION = YES;
				CLANG_WARN_OBJC_ROOT_CLASS = YES_ERROR;
				CLANG_WARN_RANGE_LOOP_ANALYSIS = YES;
				CLANG_WARN_STRICT_PROTOTYPES = YES;
				CLANG_WARN_SUSPICIOUS_MOVE = YES;
				CLANG_WARN_UNGUARDED_AVAILABILITY = YES_AGGRESSIVE;
				CLANG_WARN_UNREACHABLE_CODE = YES;
				CLANG_WARN__DUPLICATE_METHOD_MATCH = YES;
				CODE_SIGN_IDENTITY = "iPhone Developer";
				COPY_PHASE_STRIP = NO;
				DEBUG_INFORMATION_FORMAT = "dwarf-with-dsym";
				ENABLE_NS_ASSERTIONS = NO;
				ENABLE_STRICT_OBJC_MSGSEND = YES;
				GCC_C_LANGUAGE_STANDARD = gnu11;
				GCC_NO_COMMON_BLOCKS = YES;
				GCC_WARN_64_TO_32_BIT_CONVERSION = YES;
				GCC_WARN_ABOUT_RETURN_TYPE = YES_ERROR;
				GCC_WARN_UNDECLARED_SELECTOR = YES;
				GCC_WARN_UNINITIALIZED_AUTOS = YES_AGGRESSIVE;
				GCC_WARN_UNUSED_FUNCTION = YES;
				GCC_WARN_UNUSED_VARIABLE = YES;
				IPHONEOS_DEPLOYMENT_TARGET = 12.1;
				MTL_ENABLE_DEBUG_INFO = NO;
				MTL_FAST_MATH = YES;
				SDKROOT = iphoneos;
				SWIFT_COMPILATION_MODE = wholemodule;
				SWIFT_OPTIMIZATION_LEVEL = "-O";
				VALIDATE_PRODUCT = YES;
			};
			name = Release;
		};
		BD4133A42217FD9700DBA704 /* Debug */ = {
			isa = XCBuildConfiguration;
			buildSettings = {
				ASSETCATALOG_COMPILER_APPICON_NAME = AppIcon;
				CODE_SIGN_STYLE = Automatic;
				INFOPLIST_FILE = TrCalculator/Info.plist;
				LD_RUNPATH_SEARCH_PATHS = (
					"$(inherited)",
					"@executable_path/Frameworks",
				);
				PRODUCT_BUNDLE_IDENTIFIER = agh.TrCalculator;
				PRODUCT_NAME = "$(TARGET_NAME)";
				SWIFT_VERSION = 4.2;
				TARGETED_DEVICE_FAMILY = "1,2";
			};
			name = Debug;
		};
		BD4133A52217FD9700DBA704 /* Release */ = {
			isa = XCBuildConfiguration;
			buildSettings = {
				ASSETCATALOG_COMPILER_APPICON_NAME = AppIcon;
				CODE_SIGN_STYLE = Automatic;
				INFOPLIST_FILE = TrCalculator/Info.plist;
				LD_RUNPATH_SEARCH_PATHS = (
					"$(inherited)",
					"@executable_path/Frameworks",
				);
				PRODUCT_BUNDLE_IDENTIFIER = agh.TrCalculator;
				PRODUCT_NAME = "$(TARGET_NAME)";
				SWIFT_VERSION = 4.2;
				TARGETED_DEVICE_FAMILY = "1,2";
			};
			name = Release;
		};
/* End XCBuildConfiguration section */

/* Begin XCConfigurationList section */
		BD4133892217FD9500DBA704 /* Build configuration list for PBXProject "TrCalculator" */ = {
			isa = XCConfigurationList;
			buildConfigurations = (
				BD4133A12217FD9700DBA704 /* Debug */,
				BD4133A22217FD9700DBA704 /* Release */,
			);
			defaultConfigurationIsVisible = 0;
			defaultConfigurationName = Release;
		};
		BD4133A32217FD9700DBA704 /* Build configuration list for PBXNativeTarget "TrCalculator" */ = {
			isa = XCConfigurationList;
			buildConfigurations = (
				BD4133A42217FD9700DBA704 /* Debug */,
				BD4133A52217FD9700DBA704 /* Release */,
			);
			defaultConfigurationIsVisible = 0;
			defaultConfigurationName = Release;
		};
/* End XCConfigurationList section */

/* Begin XCVersionGroup section */
		BD4133982217FD9500DBA704 /* TrCalculator.xcdatamodeld */ = {
			isa = XCVersionGroup;
			children = (
				BD4133992217FD9500DBA704 /* TrCalculator.xcdatamodel */,
			);
			currentVersion = BD4133992217FD9500DBA704 /* TrCalculator.xcdatamodel */;
			path = TrCalculator.xcdatamodeld;
			sourceTree = "<group>";
			versionGroupType = wrapper.xcdatamodel;
		};
/* End XCVersionGroup section */
	};
	rootObject = BD4133862217FD9500DBA704 /* Project object */;
}
